
Microsoft Visual Studio Solution File, Format Version 12.00
# Visual Studio Version 17
VisualStudioVersion = 17.3.32922.545
MinimumVisualStudioVersion = 10.0.40219.1
Project("{2150E333-8FDC-42A3-9474-1A3956D46DE8}") = "API", "API", "{10F2C2DE-DFB6-45DE-B0C5-1E26D1F28416}"
EndProject
Project("{2150E333-8FDC-42A3-9474-1A3956D46DE8}") = "DAL", "DAL", "{034B5D7D-D4A6-4B01-BCB9-569738CD07FD}"
EndProject
Project("{9A19103F-16F7-4668-BE54-9A1E7A4F7556}") = "DameChales.API.DAL.Common", "DameChales.DAL.Common\DameChales.API.DAL.Common.csproj", "{F3DC2266-EAA2-4660-8A32-56615FD112A1}"
EndProject
Project("{2150E333-8FDC-42A3-9474-1A3956D46DE8}") = "Common", "Common", "{1C83F09D-43F2-4BD0-962C-A8DFA198000A}"
EndProject
Project("{9A19103F-16F7-4668-BE54-9A1E7A4F7556}") = "DameChales.Common", "DameChales.Common\DameChales.Common.csproj", "{E2264890-7C9C-4A8D-9B80-6F202DD1BC06}"
EndProject
Project("{9A19103F-16F7-4668-BE54-9A1E7A4F7556}") = "DameChales.API.DAL.EF", "DameChales.API.DAL.EF\DameChales.API.DAL.EF.csproj", "{F128CDBE-44B1-4CFF-8778-C5D02BA2CBF8}"
EndProject
Project("{9A19103F-16F7-4668-BE54-9A1E7A4F7556}") = "DameChales.API.DAL.Memory", "DameChales.API.DAL.Memory\DameChales.API.DAL.Memory.csproj", "{1A1DFF50-21BA-4F02-BFD7-5BB5F402BECD}"
EndProject
Project("{2150E333-8FDC-42A3-9474-1A3956D46DE8}") = "BL", "BL", "{14C597CB-8818-4CA4-A205-F7554C536AB6}"
EndProject
Project("{9A19103F-16F7-4668-BE54-9A1E7A4F7556}") = "DameChales.API.BL", "DameChales.API.BL\DameChales.API.BL.csproj", "{B6CCA5B7-48BB-436F-8A15-BECDC2BEEFFE}"
EndProject
Project("{9A19103F-16F7-4668-BE54-9A1E7A4F7556}") = "DameChales.Common.BL", "DameChales.Common.BL\DameChales.Common.BL.csproj", "{BDBBB714-C1E5-4F38-84D0-89CC29A6EA39}"
EndProject
Project("{2150E333-8FDC-42A3-9474-1A3956D46DE8}") = "Solution Items", "Solution Items", "{F4B9D519-49FA-4FEB-8E16-F790E6012A97}"
	ProjectSection(SolutionItems) = preProject
		.gitignore = .gitignore
	EndProjectSection
EndProject
Project("{2150E333-8FDC-42A3-9474-1A3956D46DE8}") = "Tests", "Tests", "{97CD097E-F20B-4749-B192-573E5594109C}"
EndProject
Project("{9A19103F-16F7-4668-BE54-9A1E7A4F7556}") = "DameChales.API.DAL.IntegrationTests", "DameChales.API.DAL.IntegrationTests\DameChales.API.DAL.IntegrationTests.csproj", "{5D3E072D-E79D-49F3-B68A-F688D416CE9E}"
EndProject
Project("{9A19103F-16F7-4668-BE54-9A1E7A4F7556}") = "DameChales.API.App", "DameChales.API.App\DameChales.API.App.csproj", "{2489FADF-9DF9-4799-8C2D-AF9A2B8B6539}"
EndProject
Project("{9A19103F-16F7-4668-BE54-9A1E7A4F7556}") = "DameChales.Common.Models", "DameChales.Common.Models\DameChales.Common.Models.csproj", "{1FEF3E62-40A6-497F-9529-612D4C915321}"
EndProject
Project("{2150E333-8FDC-42A3-9474-1A3956D46DE8}") = "Tests", "Tests", "{7BF7DA33-0E0F-4BED-80E2-1516D984AF04}"
EndProject
Project("{9A19103F-16F7-4668-BE54-9A1E7A4F7556}") = "DameChales.API.BL.UnitTests", "DameChales.API.BL.UnitTests\DameChales.API.BL.UnitTests.csproj", "{58E2E23E-8F06-49E1-A9C4-634CF0D9A999}"
EndProject
Project("{2150E333-8FDC-42A3-9474-1A3956D46DE8}") = "Tests", "Tests", "{14D31CD6-F0D6-4734-A32A-9CDF7097C380}"
EndProject
Project("{9A19103F-16F7-4668-BE54-9A1E7A4F7556}") = "DameChlaes.API.App.EndToEndTests", "DameChlaes.API.App.EndToEndTests\DameChlaes.API.App.EndToEndTests.csproj", "{EFE36363-B0E3-44F7-8642-F7379368F236}"
EndProject
Project("{2150E333-8FDC-42A3-9474-1A3956D46DE8}") = "Web", "Web", "{63090959-F1E1-4E0F-94DC-D4238FD773F4}"
EndProject
Project("{9A19103F-16F7-4668-BE54-9A1E7A4F7556}") = "DameChales.Web.DAL", "DameChales.Web.DAL\DameChales.Web.DAL.csproj", "{C26509E1-D454-4E3D-9742-8DC1444654B2}"
EndProject
Project("{9A19103F-16F7-4668-BE54-9A1E7A4F7556}") = "DameChales.Web.BL", "DameChales.Web.BL\DameChales.Web.BL.csproj", "{86423A20-9FCE-4937-9654-02CE770778EE}"
EndProject
Global
	GlobalSection(SolutionConfigurationPlatforms) = preSolution
		Debug|Any CPU = Debug|Any CPU
		Release|Any CPU = Release|Any CPU
	EndGlobalSection
	GlobalSection(ProjectConfigurationPlatforms) = postSolution
		{F3DC2266-EAA2-4660-8A32-56615FD112A1}.Debug|Any CPU.ActiveCfg = Debug|Any CPU
		{F3DC2266-EAA2-4660-8A32-56615FD112A1}.Debug|Any CPU.Build.0 = Debug|Any CPU
		{F3DC2266-EAA2-4660-8A32-56615FD112A1}.Release|Any CPU.ActiveCfg = Release|Any CPU
		{F3DC2266-EAA2-4660-8A32-56615FD112A1}.Release|Any CPU.Build.0 = Release|Any CPU
		{E2264890-7C9C-4A8D-9B80-6F202DD1BC06}.Debug|Any CPU.ActiveCfg = Debug|Any CPU
		{E2264890-7C9C-4A8D-9B80-6F202DD1BC06}.Debug|Any CPU.Build.0 = Debug|Any CPU
		{E2264890-7C9C-4A8D-9B80-6F202DD1BC06}.Release|Any CPU.ActiveCfg = Release|Any CPU
		{E2264890-7C9C-4A8D-9B80-6F202DD1BC06}.Release|Any CPU.Build.0 = Release|Any CPU
		{F128CDBE-44B1-4CFF-8778-C5D02BA2CBF8}.Debug|Any CPU.ActiveCfg = Debug|Any CPU
		{F128CDBE-44B1-4CFF-8778-C5D02BA2CBF8}.Debug|Any CPU.Build.0 = Debug|Any CPU
		{F128CDBE-44B1-4CFF-8778-C5D02BA2CBF8}.Release|Any CPU.ActiveCfg = Release|Any CPU
		{F128CDBE-44B1-4CFF-8778-C5D02BA2CBF8}.Release|Any CPU.Build.0 = Release|Any CPU
		{1A1DFF50-21BA-4F02-BFD7-5BB5F402BECD}.Debug|Any CPU.ActiveCfg = Debug|Any CPU
		{1A1DFF50-21BA-4F02-BFD7-5BB5F402BECD}.Debug|Any CPU.Build.0 = Debug|Any CPU
		{1A1DFF50-21BA-4F02-BFD7-5BB5F402BECD}.Release|Any CPU.ActiveCfg = Release|Any CPU
		{1A1DFF50-21BA-4F02-BFD7-5BB5F402BECD}.Release|Any CPU.Build.0 = Release|Any CPU
		{B6CCA5B7-48BB-436F-8A15-BECDC2BEEFFE}.Debug|Any CPU.ActiveCfg = Debug|Any CPU
		{B6CCA5B7-48BB-436F-8A15-BECDC2BEEFFE}.Debug|Any CPU.Build.0 = Debug|Any CPU
		{B6CCA5B7-48BB-436F-8A15-BECDC2BEEFFE}.Release|Any CPU.ActiveCfg = Release|Any CPU
		{B6CCA5B7-48BB-436F-8A15-BECDC2BEEFFE}.Release|Any CPU.Build.0 = Release|Any CPU
		{BDBBB714-C1E5-4F38-84D0-89CC29A6EA39}.Debug|Any CPU.ActiveCfg = Debug|Any CPU
		{BDBBB714-C1E5-4F38-84D0-89CC29A6EA39}.Debug|Any CPU.Build.0 = Debug|Any CPU
		{BDBBB714-C1E5-4F38-84D0-89CC29A6EA39}.Release|Any CPU.ActiveCfg = Release|Any CPU
		{BDBBB714-C1E5-4F38-84D0-89CC29A6EA39}.Release|Any CPU.Build.0 = Release|Any CPU
		{5D3E072D-E79D-49F3-B68A-F688D416CE9E}.Debug|Any CPU.ActiveCfg = Debug|Any CPU
		{5D3E072D-E79D-49F3-B68A-F688D416CE9E}.Debug|Any CPU.Build.0 = Debug|Any CPU
		{5D3E072D-E79D-49F3-B68A-F688D416CE9E}.Release|Any CPU.ActiveCfg = Release|Any CPU
		{5D3E072D-E79D-49F3-B68A-F688D416CE9E}.Release|Any CPU.Build.0 = Release|Any CPU
		{2489FADF-9DF9-4799-8C2D-AF9A2B8B6539}.Debug|Any CPU.ActiveCfg = Debug|Any CPU
		{2489FADF-9DF9-4799-8C2D-AF9A2B8B6539}.Debug|Any CPU.Build.0 = Debug|Any CPU
		{2489FADF-9DF9-4799-8C2D-AF9A2B8B6539}.Release|Any CPU.ActiveCfg = Release|Any CPU
		{2489FADF-9DF9-4799-8C2D-AF9A2B8B6539}.Release|Any CPU.Build.0 = Release|Any CPU
		{1FEF3E62-40A6-497F-9529-612D4C915321}.Debug|Any CPU.ActiveCfg = Debug|Any CPU
		{1FEF3E62-40A6-497F-9529-612D4C915321}.Debug|Any CPU.Build.0 = Debug|Any CPU
		{1FEF3E62-40A6-497F-9529-612D4C915321}.Release|Any CPU.ActiveCfg = Release|Any CPU
		{1FEF3E62-40A6-497F-9529-612D4C915321}.Release|Any CPU.Build.0 = Release|Any CPU
		{58E2E23E-8F06-49E1-A9C4-634CF0D9A999}.Debug|Any CPU.ActiveCfg = Debug|Any CPU
		{58E2E23E-8F06-49E1-A9C4-634CF0D9A999}.Debug|Any CPU.Build.0 = Debug|Any CPU
		{58E2E23E-8F06-49E1-A9C4-634CF0D9A999}.Release|Any CPU.ActiveCfg = Release|Any CPU
		{58E2E23E-8F06-49E1-A9C4-634CF0D9A999}.Release|Any CPU.Build.0 = Release|Any CPU
		{EFE36363-B0E3-44F7-8642-F7379368F236}.Debug|Any CPU.ActiveCfg = Debug|Any CPU
		{EFE36363-B0E3-44F7-8642-F7379368F236}.Debug|Any CPU.Build.0 = Debug|Any CPU
		{EFE36363-B0E3-44F7-8642-F7379368F236}.Release|Any CPU.ActiveCfg = Release|Any CPU
		{EFE36363-B0E3-44F7-8642-F7379368F236}.Release|Any CPU.Build.0 = Release|Any CPU
		{C26509E1-D454-4E3D-9742-8DC1444654B2}.Debug|Any CPU.ActiveCfg = Debug|Any CPU
		{C26509E1-D454-4E3D-9742-8DC1444654B2}.Debug|Any CPU.Build.0 = Debug|Any CPU
		{C26509E1-D454-4E3D-9742-8DC1444654B2}.Release|Any CPU.ActiveCfg = Release|Any CPU
		{C26509E1-D454-4E3D-9742-8DC1444654B2}.Release|Any CPU.Build.0 = Release|Any CPU
		{86423A20-9FCE-4937-9654-02CE770778EE}.Debug|Any CPU.ActiveCfg = Debug|Any CPU
		{86423A20-9FCE-4937-9654-02CE770778EE}.Debug|Any CPU.Build.0 = Debug|Any CPU
		{86423A20-9FCE-4937-9654-02CE770778EE}.Release|Any CPU.ActiveCfg = Release|Any CPU
		{86423A20-9FCE-4937-9654-02CE770778EE}.Release|Any CPU.Build.0 = Release|Any CPU
	EndGlobalSection
	GlobalSection(SolutionProperties) = preSolution
		HideSolutionNode = FALSE
	EndGlobalSection
	GlobalSection(NestedProjects) = preSolution
		{034B5D7D-D4A6-4B01-BCB9-569738CD07FD} = {10F2C2DE-DFB6-45DE-B0C5-1E26D1F28416}
		{F3DC2266-EAA2-4660-8A32-56615FD112A1} = {034B5D7D-D4A6-4B01-BCB9-569738CD07FD}
		{E2264890-7C9C-4A8D-9B80-6F202DD1BC06} = {1C83F09D-43F2-4BD0-962C-A8DFA198000A}
		{F128CDBE-44B1-4CFF-8778-C5D02BA2CBF8} = {034B5D7D-D4A6-4B01-BCB9-569738CD07FD}
		{1A1DFF50-21BA-4F02-BFD7-5BB5F402BECD} = {034B5D7D-D4A6-4B01-BCB9-569738CD07FD}
		{14C597CB-8818-4CA4-A205-F7554C536AB6} = {10F2C2DE-DFB6-45DE-B0C5-1E26D1F28416}
		{B6CCA5B7-48BB-436F-8A15-BECDC2BEEFFE} = {14C597CB-8818-4CA4-A205-F7554C536AB6}
		{BDBBB714-C1E5-4F38-84D0-89CC29A6EA39} = {1C83F09D-43F2-4BD0-962C-A8DFA198000A}
		{97CD097E-F20B-4749-B192-573E5594109C} = {034B5D7D-D4A6-4B01-BCB9-569738CD07FD}
		{5D3E072D-E79D-49F3-B68A-F688D416CE9E} = {97CD097E-F20B-4749-B192-573E5594109C}
		{2489FADF-9DF9-4799-8C2D-AF9A2B8B6539} = {10F2C2DE-DFB6-45DE-B0C5-1E26D1F28416}
		{1FEF3E62-40A6-497F-9529-612D4C915321} = {1C83F09D-43F2-4BD0-962C-A8DFA198000A}
		{7BF7DA33-0E0F-4BED-80E2-1516D984AF04} = {14C597CB-8818-4CA4-A205-F7554C536AB6}
		{58E2E23E-8F06-49E1-A9C4-634CF0D9A999} = {7BF7DA33-0E0F-4BED-80E2-1516D984AF04}
		{14D31CD6-F0D6-4734-A32A-9CDF7097C380} = {10F2C2DE-DFB6-45DE-B0C5-1E26D1F28416}
		{EFE36363-B0E3-44F7-8642-F7379368F236} = {14D31CD6-F0D6-4734-A32A-9CDF7097C380}
		{C26509E1-D454-4E3D-9742-8DC1444654B2} = {63090959-F1E1-4E0F-94DC-D4238FD773F4}
		{86423A20-9FCE-4937-9654-02CE770778EE} = {63090959-F1E1-4E0F-94DC-D4238FD773F4}
	EndGlobalSection
	GlobalSection(ExtensibilityGlobals) = postSolution
		SolutionGuid = {430A5F1C-59B4-4FC6-BA12-65708700D151}
	EndGlobalSection
EndGlobal
