
Microsoft Visual Studio Solution File, Format Version 12.00
# Visual Studio Version 17
VisualStudioVersion = 17.3.32922.545
MinimumVisualStudioVersion = 10.0.40219.1
Project("{2150E333-8FDC-42A3-9474-1A3956D46DE8}") = "API", "API", "{10F2C2DE-DFB6-45DE-B0C5-1E26D1F28416}"
EndProject
Project("{2150E333-8FDC-42A3-9474-1A3956D46DE8}") = "DAL", "DAL", "{034B5D7D-D4A6-4B01-BCB9-569738CD07FD}"
EndProject
Project("{9A19103F-16F7-4668-BE54-9A1E7A4F7556}") = "DameChales.API.DAL.Common", "DameChales.DAL.Common\DameChales.API.DAL.Common.csproj", "{F3DC2266-EAA2-4660-8A32-56615FD112A1}"
EndProject
Project("{2150E333-8FDC-42A3-9474-1A3956D46DE8}") = "Common", "Common", "{1C83F09D-43F2-4BD0-962C-A8DFA198000A}"
EndProject
Project("{9A19103F-16F7-4668-BE54-9A1E7A4F7556}") = "DameChales.Common", "DameChales.Common\DameChales.Common.csproj", "{E2264890-7C9C-4A8D-9B80-6F202DD1BC06}"
EndProject
Project("{9A19103F-16F7-4668-BE54-9A1E7A4F7556}") = "DameChales.API.DAL.EF", "DameChales.API.DAL.EF\DameChales.API.DAL.EF.csproj", "{F128CDBE-44B1-4CFF-8778-C5D02BA2CBF8}"
EndProject
Project("{9A19103F-16F7-4668-BE54-9A1E7A4F7556}") = "DameChales.API.DAL.IntegrationTests", "DameChales.API.DAL.IntegrationTests\DameChales.API.DAL.IntegrationTests.csproj", "{ADD113BE-39F3-4A68-B026-1BA280637A5D}"
EndProject
Project("{9A19103F-16F7-4668-BE54-9A1E7A4F7556}") = "DameChales.API.DAL.Memory", "DameChales.API.DAL.Memory\DameChales.API.DAL.Memory.csproj", "{1A1DFF50-21BA-4F02-BFD7-5BB5F402BECD}"
EndProject
Project("{2150E333-8FDC-42A3-9474-1A3956D46DE8}") = "BL", "BL", "{14C597CB-8818-4CA4-A205-F7554C536AB6}"
EndProject
Project("{FAE04EC0-301F-11D3-BF4B-00C04F79EFBC}") = "DameChales.API.BL", "DameChales.API.BL\DameChales.API.BL.csproj", "{B6CCA5B7-48BB-436F-8A15-BECDC2BEEFFE}"
EndProject
Global
	GlobalSection(SolutionConfigurationPlatforms) = preSolution
		Debug|Any CPU = Debug|Any CPU
		Release|Any CPU = Release|Any CPU
	EndGlobalSection
	GlobalSection(ProjectConfigurationPlatforms) = postSolution
		{F3DC2266-EAA2-4660-8A32-56615FD112A1}.Debug|Any CPU.ActiveCfg = Debug|Any CPU
		{F3DC2266-EAA2-4660-8A32-56615FD112A1}.Debug|Any CPU.Build.0 = Debug|Any CPU
		{F3DC2266-EAA2-4660-8A32-56615FD112A1}.Release|Any CPU.ActiveCfg = Release|Any CPU
		{F3DC2266-EAA2-4660-8A32-56615FD112A1}.Release|Any CPU.Build.0 = Release|Any CPU
		{E2264890-7C9C-4A8D-9B80-6F202DD1BC06}.Debug|Any CPU.ActiveCfg = Debug|Any CPU
		{E2264890-7C9C-4A8D-9B80-6F202DD1BC06}.Debug|Any CPU.Build.0 = Debug|Any CPU
		{E2264890-7C9C-4A8D-9B80-6F202DD1BC06}.Release|Any CPU.ActiveCfg = Release|Any CPU
		{E2264890-7C9C-4A8D-9B80-6F202DD1BC06}.Release|Any CPU.Build.0 = Release|Any CPU
		{F128CDBE-44B1-4CFF-8778-C5D02BA2CBF8}.Debug|Any CPU.ActiveCfg = Debug|Any CPU
		{F128CDBE-44B1-4CFF-8778-C5D02BA2CBF8}.Debug|Any CPU.Build.0 = Debug|Any CPU
		{F128CDBE-44B1-4CFF-8778-C5D02BA2CBF8}.Release|Any CPU.ActiveCfg = Release|Any CPU
		{F128CDBE-44B1-4CFF-8778-C5D02BA2CBF8}.Release|Any CPU.Build.0 = Release|Any CPU
		{ADD113BE-39F3-4A68-B026-1BA280637A5D}.Debug|Any CPU.ActiveCfg = Debug|Any CPU
		{ADD113BE-39F3-4A68-B026-1BA280637A5D}.Debug|Any CPU.Build.0 = Debug|Any CPU
		{ADD113BE-39F3-4A68-B026-1BA280637A5D}.Release|Any CPU.ActiveCfg = Release|Any CPU
		{ADD113BE-39F3-4A68-B026-1BA280637A5D}.Release|Any CPU.Build.0 = Release|Any CPU
		{1A1DFF50-21BA-4F02-BFD7-5BB5F402BECD}.Debug|Any CPU.ActiveCfg = Debug|Any CPU
		{1A1DFF50-21BA-4F02-BFD7-5BB5F402BECD}.Debug|Any CPU.Build.0 = Debug|Any CPU
		{1A1DFF50-21BA-4F02-BFD7-5BB5F402BECD}.Release|Any CPU.ActiveCfg = Release|Any CPU
		{1A1DFF50-21BA-4F02-BFD7-5BB5F402BECD}.Release|Any CPU.Build.0 = Release|Any CPU
		{B6CCA5B7-48BB-436F-8A15-BECDC2BEEFFE}.Debug|Any CPU.ActiveCfg = Debug|Any CPU
		{B6CCA5B7-48BB-436F-8A15-BECDC2BEEFFE}.Debug|Any CPU.Build.0 = Debug|Any CPU
		{B6CCA5B7-48BB-436F-8A15-BECDC2BEEFFE}.Release|Any CPU.ActiveCfg = Release|Any CPU
		{B6CCA5B7-48BB-436F-8A15-BECDC2BEEFFE}.Release|Any CPU.Build.0 = Release|Any CPU
	EndGlobalSection
	GlobalSection(SolutionProperties) = preSolution
		HideSolutionNode = FALSE
	EndGlobalSection
	GlobalSection(NestedProjects) = preSolution
		{034B5D7D-D4A6-4B01-BCB9-569738CD07FD} = {10F2C2DE-DFB6-45DE-B0C5-1E26D1F28416}
		{F3DC2266-EAA2-4660-8A32-56615FD112A1} = {034B5D7D-D4A6-4B01-BCB9-569738CD07FD}
		{E2264890-7C9C-4A8D-9B80-6F202DD1BC06} = {1C83F09D-43F2-4BD0-962C-A8DFA198000A}
		{F128CDBE-44B1-4CFF-8778-C5D02BA2CBF8} = {034B5D7D-D4A6-4B01-BCB9-569738CD07FD}
		{ADD113BE-39F3-4A68-B026-1BA280637A5D} = {034B5D7D-D4A6-4B01-BCB9-569738CD07FD}
		{1A1DFF50-21BA-4F02-BFD7-5BB5F402BECD} = {034B5D7D-D4A6-4B01-BCB9-569738CD07FD}
		{14C597CB-8818-4CA4-A205-F7554C536AB6} = {10F2C2DE-DFB6-45DE-B0C5-1E26D1F28416}
		{B6CCA5B7-48BB-436F-8A15-BECDC2BEEFFE} = {14C597CB-8818-4CA4-A205-F7554C536AB6}
	EndGlobalSection
	GlobalSection(ExtensibilityGlobals) = postSolution
		SolutionGuid = {430A5F1C-59B4-4FC6-BA12-65708700D151}
	EndGlobalSection
EndGlobal
